{
  "name": "@deterministic-code/generators-sql",
  "version": "0.0.1",
  "lockfileVersion": 3,
  "requires": true,
  "packages": {
    "": {
      "name": "@deterministic-code/generators-sql",
      "version": "0.0.1",
      "dependencies": {
        "@deterministic-code/deterministic-specifications": "github:deterministic-code/deterministic-specifications",
        "js-yaml": "^4.1.0",
        "pluralize": "^8.0.0",
        "yaml": "^2.6.0"
      },
      "devDependencies": {
        "@types/js-yaml": "^4.0.9",
        "@types/node": "^22.10.0",
        "@types/pluralize": "^0.0.33",
        "typescript": "^5.8.0"
      }
    },
    "node_modules/@deterministic-code/deterministic-specifications": {
      "version": "0.3.0",
      "resolved": "git+ssh://git@github.com/deterministic-code/deterministic-specifications.git#295c854bb7abd7d23e4fe20651760b944f5be99c",
      "license": "MIT",
      "engines": {
        "node": ">=18"
      }
    },
    "node_modules/@types/js-yaml": {
      "version": "4.0.9",
      "dev": true,
      "license": "MIT"
    },
    "node_modules/@types/node": {
      "version": "22.20.1",
      "dev": true,
      "license": "MIT",
      "dependencies": {
        "undici-types": "~6.21.0"
      }
    },
    "node_modules/@types/pluralize": {
      "version": "0.0.33",
      "dev": true,
      "license": "MIT"
    },
    "node_modules/argparse": {
      "version": "2.0.1",
      "license": "Python-2.0"
    },
    "node_modules/js-yaml": {
      "version": "4.3.1",
      "funding": [
        {
          "type": "github",
          "url": "https://github.com/sponsors/puzrin"
        },
        {
          "type": "github",
          "url": "https://github.com/sponsors/nodeca"
        }
      ],
      "license": "MIT",
      "dependencies": {
        "argparse": "^2.0.1"
      },
      "bin": {
        "js-yaml": "bin/js-yaml.js"
      }
    },
    "node_modules/pluralize": {
      "version": "8.0.0",
      "license": "MIT",
      "engines": {
        "node": ">=4"
      }
    },
    "node_modules/typescript": {
      "version": "5.9.3",
      "dev": true,
      "license": "Apache-2.0",
      "bin": {
        "tsc": "bin/tsc",
        "tsserver": "bin/tsserver"
      },
      "engines": {
        "node": ">=14.17"
      }
    },
    "node_modules/undici-types": {
      "version": "6.21.0",
      "dev": true,
      "license": "MIT"
    },
    "node_modules/yaml": {
      "version": "2.9.0",
      "license": "ISC",
      "bin": {
        "yaml": "bin.mjs"
      },
      "engines": {
        "node": ">= 14.6"
      },
      "funding": {
        "url": "https://github.com/sponsors/eemeli"
      }
    }
  }
}
