{
  "name": "@deterministic-code/generators-sql",
  "version": "0.0.1",
  "lockfileVersion": 3,
  "requires": true,
  "packages": {
    "": {
      "name": "@deterministic-code/generators-sql",
      "version": "0.0.1",
      "dependencies": {
        "pluralize": "^8.0.0",
        "yaml": "^2.6.0"
      },
      "devDependencies": {
        "@types/node": "^22.10.0",
        "@types/pluralize": "^0.0.33",
        "typescript": "^5.8.0"
      }
    },
    "node_modules/@types/node": {
      "version": "22.20.1",
      "dev": true,
      "license": "MIT",
      "dependencies": {
        "undici-types": "~6.21.0"
      }
    },
    "node_modules/@types/pluralize": {
      "version": "0.0.33",
      "dev": true,
      "license": "MIT"
    },
    "node_modules/pluralize": {
      "version": "8.0.0",
      "license": "MIT",
      "engines": {
        "node": ">=4"
      }
    },
    "node_modules/typescript": {
      "version": "5.9.3",
      "dev": true,
      "license": "Apache-2.0",
      "bin": {
        "tsc": "bin/tsc",
        "tsserver": "bin/tsserver"
      },
      "engines": {
        "node": ">=14.17"
      }
    },
    "node_modules/undici-types": {
      "version": "6.21.0",
      "dev": true,
      "license": "MIT"
    },
    "node_modules/yaml": {
      "version": "2.9.0",
      "license": "ISC",
      "bin": {
        "yaml": "bin.mjs"
      },
      "engines": {
        "node": ">= 14.6"
      },
      "funding": {
        "url": "https://github.com/sponsors/eemeli"
      }
    }
  }
}
